<?xml version="1.0" encoding="UTF-8" standalone="yes" ?>
<CodeBlocks_project_file>
	<FileVersion major="1" minor="6" />
	<Project>
		<Option title="Topop" />
		<Option pch_mode="2" />
		<Option compiler="gcc" />
		<Build>
			<Target title="Debug">
				<Option output="bin/Debug/Topop" prefix_auto="1" extension_auto="1" />
				<Option object_output="obj/Debug/" />
				<Option type="1" />
				<Option compiler="gcc" />
				<Compiler>
					<Add option="-g" />
					<Add directory="include" />
				</Compiler>
			</Target>
			<Target title="Release">
				<Option output="bin/Release/Topop" prefix_auto="1" extension_auto="1" />
				<Option object_output="obj/Release/" />
				<Option type="1" />
				<Option compiler="gcc" />
				<Compiler>
					<Add option="-O2" />
					<Add directory="include" />
				</Compiler>
				<Linker>
					<Add option="-s" />
				</Linker>
			</Target>
		</Build>
		<Compiler>
			<Add option="-Wall" />
		</Compiler>
		<Unit filename="include/Eigen/src/Cholesky/LDLT.h" />
		<Unit filename="include/Eigen/src/Cholesky/LLT.h" />
		<Unit filename="include/Eigen/src/Cholesky/LLT_LAPACKE.h" />
		<Unit filename="include/Eigen/src/CholmodSupport/CholmodSupport.h" />
		<Unit filename="include/Eigen/src/Core/Array.h" />
		<Unit filename="include/Eigen/src/Core/ArrayBase.h" />
		<Unit filename="include/Eigen/src/Core/ArrayWrapper.h" />
		<Unit filename="include/Eigen/src/Core/Assign.h" />
		<Unit filename="include/Eigen/src/Core/AssignEvaluator.h" />
		<Unit filename="include/Eigen/src/Core/Assign_MKL.h" />
		<Unit filename="include/Eigen/src/Core/BandMatrix.h" />
		<Unit filename="include/Eigen/src/Core/Block.h" />
		<Unit filename="include/Eigen/src/Core/BooleanRedux.h" />
		<Unit filename="include/Eigen/src/Core/CommaInitializer.h" />
		<Unit filename="include/Eigen/src/Core/ConditionEstimator.h" />
		<Unit filename="include/Eigen/src/Core/CoreEvaluators.h" />
		<Unit filename="include/Eigen/src/Core/CoreIterators.h" />
		<Unit filename="include/Eigen/src/Core/CwiseBinaryOp.h" />
		<Unit filename="include/Eigen/src/Core/CwiseNullaryOp.h" />
		<Unit filename="include/Eigen/src/Core/CwiseTernaryOp.h" />
		<Unit filename="include/Eigen/src/Core/CwiseUnaryOp.h" />
		<Unit filename="include/Eigen/src/Core/CwiseUnaryView.h" />
		<Unit filename="include/Eigen/src/Core/DenseBase.h" />
		<Unit filename="include/Eigen/src/Core/DenseCoeffsBase.h" />
		<Unit filename="include/Eigen/src/Core/DenseStorage.h" />
		<Unit filename="include/Eigen/src/Core/Diagonal.h" />
		<Unit filename="include/Eigen/src/Core/DiagonalMatrix.h" />
		<Unit filename="include/Eigen/src/Core/DiagonalProduct.h" />
		<Unit filename="include/Eigen/src/Core/Dot.h" />
		<Unit filename="include/Eigen/src/Core/EigenBase.h" />
		<Unit filename="include/Eigen/src/Core/ForceAlignedAccess.h" />
		<Unit filename="include/Eigen/src/Core/Fuzzy.h" />
		<Unit filename="include/Eigen/src/Core/GeneralProduct.h" />
		<Unit filename="include/Eigen/src/Core/GenericPacketMath.h" />
		<Unit filename="include/Eigen/src/Core/GlobalFunctions.h" />
		<Unit filename="include/Eigen/src/Core/IO.h" />
		<Unit filename="include/Eigen/src/Core/Inverse.h" />
		<Unit filename="include/Eigen/src/Core/Map.h" />
		<Unit filename="include/Eigen/src/Core/MapBase.h" />
		<Unit filename="include/Eigen/src/Core/MathFunctions.h" />
		<Unit filename="include/Eigen/src/Core/MathFunctionsImpl.h" />
		<Unit filename="include/Eigen/src/Core/Matrix.h" />
		<Unit filename="include/Eigen/src/Core/MatrixBase.h" />
		<Unit filename="include/Eigen/src/Core/NestByValue.h" />
		<Unit filename="include/Eigen/src/Core/NoAlias.h" />
		<Unit filename="include/Eigen/src/Core/NumTraits.h" />
		<Unit filename="include/Eigen/src/Core/PermutationMatrix.h" />
		<Unit filename="include/Eigen/src/Core/PlainObjectBase.h" />
		<Unit filename="include/Eigen/src/Core/Product.h" />
		<Unit filename="include/Eigen/src/Core/ProductEvaluators.h" />
		<Unit filename="include/Eigen/src/Core/Random.h" />
		<Unit filename="include/Eigen/src/Core/Redux.h" />
		<Unit filename="include/Eigen/src/Core/Ref.h" />
		<Unit filename="include/Eigen/src/Core/Replicate.h" />
		<Unit filename="include/Eigen/src/Core/ReturnByValue.h" />
		<Unit filename="include/Eigen/src/Core/Reverse.h" />
		<Unit filename="include/Eigen/src/Core/Select.h" />
		<Unit filename="include/Eigen/src/Core/SelfAdjointView.h" />
		<Unit filename="include/Eigen/src/Core/SelfCwiseBinaryOp.h" />
		<Unit filename="include/Eigen/src/Core/Solve.h" />
		<Unit filename="include/Eigen/src/Core/SolveTriangular.h" />
		<Unit filename="include/Eigen/src/Core/SolverBase.h" />
		<Unit filename="include/Eigen/src/Core/StableNorm.h" />
		<Unit filename="include/Eigen/src/Core/Stride.h" />
		<Unit filename="include/Eigen/src/Core/Swap.h" />
		<Unit filename="include/Eigen/src/Core/Transpose.h" />
		<Unit filename="include/Eigen/src/Core/Transpositions.h" />
		<Unit filename="include/Eigen/src/Core/TriangularMatrix.h" />
		<Unit filename="include/Eigen/src/Core/VectorBlock.h" />
		<Unit filename="include/Eigen/src/Core/VectorwiseOp.h" />
		<Unit filename="include/Eigen/src/Core/Visitor.h" />
		<Unit filename="include/Eigen/src/Core/arch/AVX/Complex.h" />
		<Unit filename="include/Eigen/src/Core/arch/AVX/MathFunctions.h" />
		<Unit filename="include/Eigen/src/Core/arch/AVX/PacketMath.h" />
		<Unit filename="include/Eigen/src/Core/arch/AVX/TypeCasting.h" />
		<Unit filename="include/Eigen/src/Core/arch/AVX512/MathFunctions.h" />
		<Unit filename="include/Eigen/src/Core/arch/AVX512/PacketMath.h" />
		<Unit filename="include/Eigen/src/Core/arch/AltiVec/Complex.h" />
		<Unit filename="include/Eigen/src/Core/arch/AltiVec/MathFunctions.h" />
		<Unit filename="include/Eigen/src/Core/arch/AltiVec/PacketMath.h" />
		<Unit filename="include/Eigen/src/Core/arch/CUDA/Complex.h" />
		<Unit filename="include/Eigen/src/Core/arch/CUDA/Half.h" />
		<Unit filename="include/Eigen/src/Core/arch/CUDA/MathFunctions.h" />
		<Unit filename="include/Eigen/src/Core/arch/CUDA/PacketMath.h" />
		<Unit filename="include/Eigen/src/Core/arch/CUDA/PacketMathHalf.h" />
		<Unit filename="include/Eigen/src/Core/arch/CUDA/TypeCasting.h" />
		<Unit filename="include/Eigen/src/Core/arch/Default/Settings.h" />
		<Unit filename="include/Eigen/src/Core/arch/NEON/Complex.h" />
		<Unit filename="include/Eigen/src/Core/arch/NEON/MathFunctions.h" />
		<Unit filename="include/Eigen/src/Core/arch/NEON/PacketMath.h" />
		<Unit filename="include/Eigen/src/Core/arch/SSE/Complex.h" />
		<Unit filename="include/Eigen/src/Core/arch/SSE/MathFunctions.h" />
		<Unit filename="include/Eigen/src/Core/arch/SSE/PacketMath.h" />
		<Unit filename="include/Eigen/src/Core/arch/SSE/TypeCasting.h" />
		<Unit filename="include/Eigen/src/Core/arch/ZVector/Complex.h" />
		<Unit filename="include/Eigen/src/Core/arch/ZVector/MathFunctions.h" />
		<Unit filename="include/Eigen/src/Core/arch/ZVector/PacketMath.h" />
		<Unit filename="include/Eigen/src/Core/functors/AssignmentFunctors.h" />
		<Unit filename="include/Eigen/src/Core/functors/BinaryFunctors.h" />
		<Unit filename="include/Eigen/src/Core/functors/NullaryFunctors.h" />
		<Unit filename="include/Eigen/src/Core/functors/StlFunctors.h" />
		<Unit filename="include/Eigen/src/Core/functors/TernaryFunctors.h" />
		<Unit filename="include/Eigen/src/Core/functors/UnaryFunctors.h" />
		<Unit filename="include/Eigen/src/Core/products/GeneralBlockPanelKernel.h" />
		<Unit filename="include/Eigen/src/Core/products/GeneralMatrixMatrix.h" />
		<Unit filename="include/Eigen/src/Core/products/GeneralMatrixMatrixTriangular.h" />
		<Unit filename="include/Eigen/src/Core/products/GeneralMatrixMatrixTriangular_BLAS.h" />
		<Unit filename="include/Eigen/src/Core/products/GeneralMatrixMatrix_BLAS.h" />
		<Unit filename="include/Eigen/src/Core/products/GeneralMatrixVector.h" />
		<Unit filename="include/Eigen/src/Core/products/GeneralMatrixVector_BLAS.h" />
		<Unit filename="include/Eigen/src/Core/products/Parallelizer.h" />
		<Unit filename="include/Eigen/src/Core/products/SelfadjointMatrixMatrix.h" />
		<Unit filename="include/Eigen/src/Core/products/SelfadjointMatrixMatrix_BLAS.h" />
		<Unit filename="include/Eigen/src/Core/products/SelfadjointMatrixVector.h" />
		<Unit filename="include/Eigen/src/Core/products/SelfadjointMatrixVector_BLAS.h" />
		<Unit filename="include/Eigen/src/Core/products/SelfadjointProduct.h" />
		<Unit filename="include/Eigen/src/Core/products/SelfadjointRank2Update.h" />
		<Unit filename="include/Eigen/src/Core/products/TriangularMatrixMatrix.h" />
		<Unit filename="include/Eigen/src/Core/products/TriangularMatrixMatrix_BLAS.h" />
		<Unit filename="include/Eigen/src/Core/products/TriangularMatrixVector.h" />
		<Unit filename="include/Eigen/src/Core/products/TriangularMatrixVector_BLAS.h" />
		<Unit filename="include/Eigen/src/Core/products/TriangularSolverMatrix.h" />
		<Unit filename="include/Eigen/src/Core/products/TriangularSolverMatrix_BLAS.h" />
		<Unit filename="include/Eigen/src/Core/products/TriangularSolverVector.h" />
		<Unit filename="include/Eigen/src/Core/util/BlasUtil.h" />
		<Unit filename="include/Eigen/src/Core/util/Constants.h" />
		<Unit filename="include/Eigen/src/Core/util/DisableStupidWarnings.h" />
		<Unit filename="include/Eigen/src/Core/util/ForwardDeclarations.h" />
		<Unit filename="include/Eigen/src/Core/util/MKL_support.h" />
		<Unit filename="include/Eigen/src/Core/util/Macros.h" />
		<Unit filename="include/Eigen/src/Core/util/Memory.h" />
		<Unit filename="include/Eigen/src/Core/util/Meta.h" />
		<Unit filename="include/Eigen/src/Core/util/NonMPL2.h" />
		<Unit filename="include/Eigen/src/Core/util/ReenableStupidWarnings.h" />
		<Unit filename="include/Eigen/src/Core/util/StaticAssert.h" />
		<Unit filename="include/Eigen/src/Core/util/XprHelper.h" />
		<Unit filename="include/Eigen/src/Eigenvalues/ComplexEigenSolver.h" />
		<Unit filename="include/Eigen/src/Eigenvalues/ComplexSchur.h" />
		<Unit filename="include/Eigen/src/Eigenvalues/ComplexSchur_LAPACKE.h" />
		<Unit filename="include/Eigen/src/Eigenvalues/EigenSolver.h" />
		<Unit filename="include/Eigen/src/Eigenvalues/GeneralizedEigenSolver.h" />
		<Unit filename="include/Eigen/src/Eigenvalues/GeneralizedSelfAdjointEigenSolver.h" />
		<Unit filename="include/Eigen/src/Eigenvalues/HessenbergDecomposition.h" />
		<Unit filename="include/Eigen/src/Eigenvalues/MatrixBaseEigenvalues.h" />
		<Unit filename="include/Eigen/src/Eigenvalues/RealQZ.h" />
		<Unit filename="include/Eigen/src/Eigenvalues/RealSchur.h" />
		<Unit filename="include/Eigen/src/Eigenvalues/RealSchur_LAPACKE.h" />
		<Unit filename="include/Eigen/src/Eigenvalues/SelfAdjointEigenSolver.h" />
		<Unit filename="include/Eigen/src/Eigenvalues/SelfAdjointEigenSolver_LAPACKE.h" />
		<Unit filename="include/Eigen/src/Eigenvalues/Tridiagonalization.h" />
		<Unit filename="include/Eigen/src/Geometry/AlignedBox.h" />
		<Unit filename="include/Eigen/src/Geometry/AngleAxis.h" />
		<Unit filename="include/Eigen/src/Geometry/EulerAngles.h" />
		<Unit filename="include/Eigen/src/Geometry/Homogeneous.h" />
		<Unit filename="include/Eigen/src/Geometry/Hyperplane.h" />
		<Unit filename="include/Eigen/src/Geometry/OrthoMethods.h" />
		<Unit filename="include/Eigen/src/Geometry/ParametrizedLine.h" />
		<Unit filename="include/Eigen/src/Geometry/Quaternion.h" />
		<Unit filename="include/Eigen/src/Geometry/Rotation2D.h" />
		<Unit filename="include/Eigen/src/Geometry/RotationBase.h" />
		<Unit filename="include/Eigen/src/Geometry/Scaling.h" />
		<Unit filename="include/Eigen/src/Geometry/Transform.h" />
		<Unit filename="include/Eigen/src/Geometry/Translation.h" />
		<Unit filename="include/Eigen/src/Geometry/Umeyama.h" />
		<Unit filename="include/Eigen/src/Geometry/arch/Geometry_SSE.h" />
		<Unit filename="include/Eigen/src/Householder/BlockHouseholder.h" />
		<Unit filename="include/Eigen/src/Householder/Householder.h" />
		<Unit filename="include/Eigen/src/Householder/HouseholderSequence.h" />
		<Unit filename="include/Eigen/src/IterativeLinearSolvers/BasicPreconditioners.h" />
		<Unit filename="include/Eigen/src/IterativeLinearSolvers/BiCGSTAB.h" />
		<Unit filename="include/Eigen/src/IterativeLinearSolvers/ConjugateGradient.h" />
		<Unit filename="include/Eigen/src/IterativeLinearSolvers/IncompleteCholesky.h" />
		<Unit filename="include/Eigen/src/IterativeLinearSolvers/IncompleteLUT.h" />
		<Unit filename="include/Eigen/src/IterativeLinearSolvers/IterativeSolverBase.h" />
		<Unit filename="include/Eigen/src/IterativeLinearSolvers/LeastSquareConjugateGradient.h" />
		<Unit filename="include/Eigen/src/IterativeLinearSolvers/SolveWithGuess.h" />
		<Unit filename="include/Eigen/src/Jacobi/Jacobi.h" />
		<Unit filename="include/Eigen/src/LU/Determinant.h" />
		<Unit filename="include/Eigen/src/LU/FullPivLU.h" />
		<Unit filename="include/Eigen/src/LU/InverseImpl.h" />
		<Unit filename="include/Eigen/src/LU/PartialPivLU.h" />
		<Unit filename="include/Eigen/src/LU/PartialPivLU_LAPACKE.h" />
		<Unit filename="include/Eigen/src/LU/arch/Inverse_SSE.h" />
		<Unit filename="include/Eigen/src/MetisSupport/MetisSupport.h" />
		<Unit filename="include/Eigen/src/OrderingMethods/Amd.h" />
		<Unit filename="include/Eigen/src/OrderingMethods/Eigen_Colamd.h" />
		<Unit filename="include/Eigen/src/OrderingMethods/Ordering.h" />
		<Unit filename="include/Eigen/src/PaStiXSupport/PaStiXSupport.h" />
		<Unit filename="include/Eigen/src/PardisoSupport/PardisoSupport.h" />
		<Unit filename="include/Eigen/src/QR/ColPivHouseholderQR.h" />
		<Unit filename="include/Eigen/src/QR/ColPivHouseholderQR_LAPACKE.h" />
		<Unit filename="include/Eigen/src/QR/CompleteOrthogonalDecomposition.h" />
		<Unit filename="include/Eigen/src/QR/FullPivHouseholderQR.h" />
		<Unit filename="include/Eigen/src/QR/HouseholderQR.h" />
		<Unit filename="include/Eigen/src/QR/HouseholderQR_LAPACKE.h" />
		<Unit filename="include/Eigen/src/SPQRSupport/SuiteSparseQRSupport.h" />
		<Unit filename="include/Eigen/src/SVD/BDCSVD.h" />
		<Unit filename="include/Eigen/src/SVD/JacobiSVD.h" />
		<Unit filename="include/Eigen/src/SVD/JacobiSVD_LAPACKE.h" />
		<Unit filename="include/Eigen/src/SVD/SVDBase.h" />
		<Unit filename="include/Eigen/src/SVD/UpperBidiagonalization.h" />
		<Unit filename="include/Eigen/src/SparseCholesky/SimplicialCholesky.h" />
		<Unit filename="include/Eigen/src/SparseCholesky/SimplicialCholesky_impl.h" />
		<Unit filename="include/Eigen/src/SparseCore/AmbiVector.h" />
		<Unit filename="include/Eigen/src/SparseCore/CompressedStorage.h" />
		<Unit filename="include/Eigen/src/SparseCore/ConservativeSparseSparseProduct.h" />
		<Unit filename="include/Eigen/src/SparseCore/MappedSparseMatrix.h" />
		<Unit filename="include/Eigen/src/SparseCore/SparseAssign.h" />
		<Unit filename="include/Eigen/src/SparseCore/SparseBlock.h" />
		<Unit filename="include/Eigen/src/SparseCore/SparseColEtree.h" />
		<Unit filename="include/Eigen/src/SparseCore/SparseCompressedBase.h" />
		<Unit filename="include/Eigen/src/SparseCore/SparseCwiseBinaryOp.h" />
		<Unit filename="include/Eigen/src/SparseCore/SparseCwiseUnaryOp.h" />
		<Unit filename="include/Eigen/src/SparseCore/SparseDenseProduct.h" />
		<Unit filename="include/Eigen/src/SparseCore/SparseDiagonalProduct.h" />
		<Unit filename="include/Eigen/src/SparseCore/SparseDot.h" />
		<Unit filename="include/Eigen/src/SparseCore/SparseFuzzy.h" />
		<Unit filename="include/Eigen/src/SparseCore/SparseMap.h" />
		<Unit filename="include/Eigen/src/SparseCore/SparseMatrix.h" />
		<Unit filename="include/Eigen/src/SparseCore/SparseMatrixBase.h" />
		<Unit filename="include/Eigen/src/SparseCore/SparsePermutation.h" />
		<Unit filename="include/Eigen/src/SparseCore/SparseProduct.h" />
		<Unit filename="include/Eigen/src/SparseCore/SparseRedux.h" />
		<Unit filename="include/Eigen/src/SparseCore/SparseRef.h" />
		<Unit filename="include/Eigen/src/SparseCore/SparseSelfAdjointView.h" />
		<Unit filename="include/Eigen/src/SparseCore/SparseSolverBase.h" />
		<Unit filename="include/Eigen/src/SparseCore/SparseSparseProductWithPruning.h" />
		<Unit filename="include/Eigen/src/SparseCore/SparseTranspose.h" />
		<Unit filename="include/Eigen/src/SparseCore/SparseTriangularView.h" />
		<Unit filename="include/Eigen/src/SparseCore/SparseUtil.h" />
		<Unit filename="include/Eigen/src/SparseCore/SparseVector.h" />
		<Unit filename="include/Eigen/src/SparseCore/SparseView.h" />
		<Unit filename="include/Eigen/src/SparseCore/TriangularSolver.h" />
		<Unit filename="include/Eigen/src/SparseLU/SparseLU.h" />
		<Unit filename="include/Eigen/src/SparseLU/SparseLUImpl.h" />
		<Unit filename="include/Eigen/src/SparseLU/SparseLU_Memory.h" />
		<Unit filename="include/Eigen/src/SparseLU/SparseLU_Structs.h" />
		<Unit filename="include/Eigen/src/SparseLU/SparseLU_SupernodalMatrix.h" />
		<Unit filename="include/Eigen/src/SparseLU/SparseLU_Utils.h" />
		<Unit filename="include/Eigen/src/SparseLU/SparseLU_column_bmod.h" />
		<Unit filename="include/Eigen/src/SparseLU/SparseLU_column_dfs.h" />
		<Unit filename="include/Eigen/src/SparseLU/SparseLU_copy_to_ucol.h" />
		<Unit filename="include/Eigen/src/SparseLU/SparseLU_gemm_kernel.h" />
		<Unit filename="include/Eigen/src/SparseLU/SparseLU_heap_relax_snode.h" />
		<Unit filename="include/Eigen/src/SparseLU/SparseLU_kernel_bmod.h" />
		<Unit filename="include/Eigen/src/SparseLU/SparseLU_panel_bmod.h" />
		<Unit filename="include/Eigen/src/SparseLU/SparseLU_panel_dfs.h" />
		<Unit filename="include/Eigen/src/SparseLU/SparseLU_pivotL.h" />
		<Unit filename="include/Eigen/src/SparseLU/SparseLU_pruneL.h" />
		<Unit filename="include/Eigen/src/SparseLU/SparseLU_relax_snode.h" />
		<Unit filename="include/Eigen/src/SparseQR/SparseQR.h" />
		<Unit filename="include/Eigen/src/StlSupport/StdDeque.h" />
		<Unit filename="include/Eigen/src/StlSupport/StdList.h" />
		<Unit filename="include/Eigen/src/StlSupport/StdVector.h" />
		<Unit filename="include/Eigen/src/StlSupport/details.h" />
		<Unit filename="include/Eigen/src/SuperLUSupport/SuperLUSupport.h" />
		<Unit filename="include/Eigen/src/UmfPackSupport/UmfPackSupport.h" />
		<Unit filename="include/Eigen/src/misc/Image.h" />
		<Unit filename="include/Eigen/src/misc/Kernel.h" />
		<Unit filename="include/Eigen/src/misc/RealSvd2x2.h" />
		<Unit filename="include/Eigen/src/misc/blas.h" />
		<Unit filename="include/Eigen/src/misc/lapack.h" />
		<Unit filename="include/Eigen/src/misc/lapacke.h" />
		<Unit filename="include/Eigen/src/misc/lapacke_mangling.h" />
		<Unit filename="include/Eigen/src/plugins/ArrayCwiseBinaryOps.h" />
		<Unit filename="include/Eigen/src/plugins/ArrayCwiseUnaryOps.h" />
		<Unit filename="include/Eigen/src/plugins/BlockMethods.h" />
		<Unit filename="include/Eigen/src/plugins/CommonCwiseBinaryOps.h" />
		<Unit filename="include/Eigen/src/plugins/CommonCwiseUnaryOps.h" />
		<Unit filename="include/Eigen/src/plugins/MatrixCwiseBinaryOps.h" />
		<Unit filename="include/Eigen/src/plugins/MatrixCwiseUnaryOps.h" />
		<Unit filename="include/functions.h" />
		<Unit filename="main.cpp" />
		<Unit filename="src/functions.cpp" />
		<Extensions>
			<envvars />
			<code_completion />
			<debugger />
		</Extensions>
	</Project>
</CodeBlocks_project_file>
